
Microsoft Visual Studio Solution File, Format Version 12.00
# Visual Studio Version 17
VisualStudioVersion = 17.8.34330.188
MinimumVisualStudioVersion = 10.0.40219.1
Project("{9A19103F-16F7-4668-BE54-9A1E7A4F7556}") = "RabbitMQ.API", "RabbitMQ.API\RabbitMQ.API.csproj", "{67972CE2-73EF-4536-8F6C-96226B245AB3}"
EndProject
Project("{9A19103F-16F7-4668-BE54-9A1E7A4F7556}") = "RabbitMQ.Infra", "RabbitMQ.Infra\RabbitMQ.Infra.csproj", "{5628A9A2-2BB9-433D-87CA-16DCADAA04FB}"
EndProject
Project("{9A19103F-16F7-4668-BE54-9A1E7A4F7556}") = "RabbitMQ.Application", "RabbitMQ.Application\RabbitMQ.Application.csproj", "{5B61BA76-8026-4BB5-A787-170611FDD2E3}"
EndProject
Project("{FAE04EC0-301F-11D3-BF4B-00C04F79EFBC}") = "RabbitMQ.Models", "RabbitMQ.Models\RabbitMQ.Models.csproj", "{2558B855-D0BF-48C6-ABC6-B553A9910883}"
EndProject
Global
	GlobalSection(SolutionConfigurationPlatforms) = preSolution
		Debug|Any CPU = Debug|Any CPU
		Release|Any CPU = Release|Any CPU
	EndGlobalSection
	GlobalSection(ProjectConfigurationPlatforms) = postSolution
		{67972CE2-73EF-4536-8F6C-96226B245AB3}.Debug|Any CPU.ActiveCfg = Debug|Any CPU
		{67972CE2-73EF-4536-8F6C-96226B245AB3}.Debug|Any CPU.Build.0 = Debug|Any CPU
		{67972CE2-73EF-4536-8F6C-96226B245AB3}.Release|Any CPU.ActiveCfg = Release|Any CPU
		{67972CE2-73EF-4536-8F6C-96226B245AB3}.Release|Any CPU.Build.0 = Release|Any CPU
		{5628A9A2-2BB9-433D-87CA-16DCADAA04FB}.Debug|Any CPU.ActiveCfg = Debug|Any CPU
		{5628A9A2-2BB9-433D-87CA-16DCADAA04FB}.Debug|Any CPU.Build.0 = Debug|Any CPU
		{5628A9A2-2BB9-433D-87CA-16DCADAA04FB}.Release|Any CPU.ActiveCfg = Release|Any CPU
		{5628A9A2-2BB9-433D-87CA-16DCADAA04FB}.Release|Any CPU.Build.0 = Release|Any CPU
		{5B61BA76-8026-4BB5-A787-170611FDD2E3}.Debug|Any CPU.ActiveCfg = Debug|Any CPU
		{5B61BA76-8026-4BB5-A787-170611FDD2E3}.Debug|Any CPU.Build.0 = Debug|Any CPU
		{5B61BA76-8026-4BB5-A787-170611FDD2E3}.Release|Any CPU.ActiveCfg = Release|Any CPU
		{5B61BA76-8026-4BB5-A787-170611FDD2E3}.Release|Any CPU.Build.0 = Release|Any CPU
		{2558B855-D0BF-48C6-ABC6-B553A9910883}.Debug|Any CPU.ActiveCfg = Debug|Any CPU
		{2558B855-D0BF-48C6-ABC6-B553A9910883}.Debug|Any CPU.Build.0 = Debug|Any CPU
		{2558B855-D0BF-48C6-ABC6-B553A9910883}.Release|Any CPU.ActiveCfg = Release|Any CPU
		{2558B855-D0BF-48C6-ABC6-B553A9910883}.Release|Any CPU.Build.0 = Release|Any CPU
	EndGlobalSection
	GlobalSection(SolutionProperties) = preSolution
		HideSolutionNode = FALSE
	EndGlobalSection
	GlobalSection(ExtensibilityGlobals) = postSolution
		SolutionGuid = {485F9AA6-EF51-44B1-BA96-7F982A038B96}
	EndGlobalSection
EndGlobal
